// !$*UTF8*$!
{
	archiveVersion = 1;
	classes = {
	};
	objectVersion = 55;
	objects = {

/* Begin PBXBuildFile section */
		2680DBE4C6AC1CD1C9B27E98 /* libPods-StoreFinderTests.a in Frameworks */ = {isa = PBXBuildFile; fileRef = CB2FAFBE17707BC69F77656A /* libPods-StoreFinderTests.a */; };
		6A1769BD28100011004AF6C8 /* Pods_StoreFinder.framework in Frameworks */ = {isa = PBXBuildFile; fileRef = 3FF1CAC1C79CEFC8119DD870 /* Pods_StoreFinder.framework */; };
		6A1769C2281118B8004AF6C8 /* LocationInformationViewModelTests.swift in Sources */ = {isa = PBXBuildFile; fileRef = 6A1769C1281118B8004AF6C8 /* LocationInformationViewModelTests.swift */; };
		6A23BB5E27FBD7FF00A53E98 /* LocationData.swift in Sources */ = {isa = PBXBuildFile; fileRef = 6A23BB5D27FBD7FF00A53E98 /* LocationData.swift */; };
		6A23BB6127FBD83800A53E98 /* KLDocument.swift in Sources */ = {isa = PBXBuildFile; fileRef = 6A23BB6027FBD83800A53E98 /* KLDocument.swift */; };
		6A23BB6327FBDB0000A53E98 /* DetailListCellData.swift in Sources */ = {isa = PBXBuildFile; fileRef = 6A23BB6227FBDB0000A53E98 /* DetailListCellData.swift */; };
		6A23BB6527FBDC5D00A53E98 /* LocationInformationViewController.swift in Sources */ = {isa = PBXBuildFile; fileRef = 6A23BB6427FBDC5D00A53E98 /* LocationInformationViewController.swift */; };
		6A23BB6827FBDD2900A53E98 /* LocationInformationViewModel.swift in Sources */ = {isa = PBXBuildFile; fileRef = 6A23BB6727FBDD2900A53E98 /* LocationInformationViewModel.swift */; };
		6A23BB7627FBE02500A53E98 /* SnapKit in Frameworks */ = {isa = PBXBuildFile; productRef = 6A23BB7527FBE02500A53E98 /* SnapKit */; };
		6A23BB7827FC153000A53E98 /* MTMapViewError.swift in Sources */ = {isa = PBXBuildFile; fileRef = 6A23BB7727FC153000A53E98 /* MTMapViewError.swift */; };
		6A23BB7A27FC368C00A53E98 /* DetailListCell.swift in Sources */ = {isa = PBXBuildFile; fileRef = 6A23BB7927FC368C00A53E98 /* DetailListCell.swift */; };
		6A23BB7C27FE78E100A53E98 /* DetailListBackgroundViewModel.swift in Sources */ = {isa = PBXBuildFile; fileRef = 6A23BB7B27FE78E100A53E98 /* DetailListBackgroundViewModel.swift */; };
		6A23BB7E27FE78F500A53E98 /* DetailListBackgroundView.swift in Sources */ = {isa = PBXBuildFile; fileRef = 6A23BB7D27FE78F500A53E98 /* DetailListBackgroundView.swift */; };
		6A23BB8127FEC92700A53E98 /* LocalAPI.swift in Sources */ = {isa = PBXBuildFile; fileRef = 6A23BB8027FEC92700A53E98 /* LocalAPI.swift */; };
		6A23BB8327FECEEA00A53E98 /* LocalNetwork.swift in Sources */ = {isa = PBXBuildFile; fileRef = 6A23BB8227FECEEA00A53E98 /* LocalNetwork.swift */; };
		6A23BB8627FED91100A53E98 /* LocationInformationModel.swift in Sources */ = {isa = PBXBuildFile; fileRef = 6A23BB8527FED91100A53E98 /* LocationInformationModel.swift */; };
		6A23BBD6280551D800A53E98 /* (null) in Embed Frameworks */ = {isa = PBXBuildFile; settings = {ATTRIBUTES = (CodeSignOnCopy, RemoveHeadersOnCopy, ); }; };
		6A23BBDE2805545D00A53E98 /* Foundation.framework in Frameworks */ = {isa = PBXBuildFile; fileRef = 6A23BBDA2805542E00A53E98 /* Foundation.framework */; };
		6A23BC0228055B8500A53E98 /* LocalNetworkStub.swift in Sources */ = {isa = PBXBuildFile; fileRef = 6A23BC0128055B8500A53E98 /* LocalNetworkStub.swift */; };
		6A23BC0628055FBB00A53E98 /* NetworkDummy.json in Resources */ = {isa = PBXBuildFile; fileRef = 6A23BC0528055FBB00A53E98 /* NetworkDummy.json */; };
		6A23BC082805604700A53E98 /* Dummy.swift in Sources */ = {isa = PBXBuildFile; fileRef = 6A23BC072805604700A53E98 /* Dummy.swift */; };
		6A23BC0A280563C200A53E98 /* LocationInformationModelTests.swift in Sources */ = {isa = PBXBuildFile; fileRef = 6A23BC09280563C200A53E98 /* LocationInformationModelTests.swift */; };
		6A41286227FAE4180040B3B9 /* CoreLocation.framework in Frameworks */ = {isa = PBXBuildFile; fileRef = 6A580DC727FACF1600201140 /* CoreLocation.framework */; };
		6A52F02C27FAE01400F8EE0A /* Metal.framework in Frameworks */ = {isa = PBXBuildFile; fileRef = 6A580E2127FAD47500201140 /* Metal.framework */; };
		6A52F02E27FAE01500F8EE0A /* QuartzCore.framework in Frameworks */ = {isa = PBXBuildFile; fileRef = 6A580DC927FACF1F00201140 /* QuartzCore.framework */; };
		6A52F03027FAE01700F8EE0A /* SystemConfiguration.framework in Frameworks */ = {isa = PBXBuildFile; fileRef = 6A580DC527FACF0E00201140 /* SystemConfiguration.framework */; };
		6A580D0927FAC25D00201140 /* AppDelegate.swift in Sources */ = {isa = PBXBuildFile; fileRef = 6A580D0827FAC25D00201140 /* AppDelegate.swift */; };
		6A580D0B27FAC25D00201140 /* SceneDelegate.swift in Sources */ = {isa = PBXBuildFile; fileRef = 6A580D0A27FAC25D00201140 /* SceneDelegate.swift */; };
		6A580D1227FAC25D00201140 /* Assets.xcassets in Resources */ = {isa = PBXBuildFile; fileRef = 6A580D1127FAC25D00201140 /* Assets.xcassets */; };
		6A580D1527FAC25D00201140 /* LaunchScreen.storyboard in Resources */ = {isa = PBXBuildFile; fileRef = 6A580D1327FAC25D00201140 /* LaunchScreen.storyboard */; };
		6A580DCC27FACF3000201140 /* libc++.tbd in Frameworks */ = {isa = PBXBuildFile; fileRef = 6A580DCB27FACF3000201140 /* libc++.tbd */; };
		6A580DCE27FACF4100201140 /* libxml2.tbd in Frameworks */ = {isa = PBXBuildFile; fileRef = 6A580DCD27FACF4100201140 /* libxml2.tbd */; };
		6A580DD027FACF4A00201140 /* libsqlite3.tbd in Frameworks */ = {isa = PBXBuildFile; fileRef = 6A580DCF27FACF4A00201140 /* libsqlite3.tbd */; };
		6A580E0027FAD06000201140 /* map_pinup_custom@3x.png in Resources */ = {isa = PBXBuildFile; fileRef = 6A580DDB27FAD06000201140 /* map_pinup_custom@3x.png */; };
		6A580E0127FAD06000201140 /* map_pin_custom.png in Resources */ = {isa = PBXBuildFile; fileRef = 6A580DDC27FAD06000201140 /* map_pin_custom.png */; };
		6A580E0227FAD06000201140 /* shadow_balloon.png in Resources */ = {isa = PBXBuildFile; fileRef = 6A580DDD27FAD06000201140 /* shadow_balloon.png */; };
		6A580E0327FAD06000201140 /* map_pinup.png in Resources */ = {isa = PBXBuildFile; fileRef = 6A580DDE27FAD06000201140 /* map_pinup.png */; };
		6A580E0427FAD06000201140 /* detail_button.png in Resources */ = {isa = PBXBuildFile; fileRef = 6A580DDF27FAD06000201140 /* detail_button.png */; };
		6A580E0527FAD06000201140 /* map_pin_custom@3x.png in Resources */ = {isa = PBXBuildFile; fileRef = 6A580DE027FAD06000201140 /* map_pin_custom@3x.png */; };
		6A580E0627FAD06000201140 /* map_pinup@3x.png in Resources */ = {isa = PBXBuildFile; fileRef = 6A580DE127FAD06000201140 /* map_pinup@3x.png */; };
		6A580E0727FAD06000201140 /* map_pin_shadow@3x.png in Resources */ = {isa = PBXBuildFile; fileRef = 6A580DE227FAD06000201140 /* map_pin_shadow@3x.png */; };
		6A580E0827FAD06000201140 /* copyright.png in Resources */ = {isa = PBXBuildFile; fileRef = 6A580DE327FAD06000201140 /* copyright.png */; };
		6A580E0927FAD06000201140 /* th_line.png in Resources */ = {isa = PBXBuildFile; fileRef = 6A580DE427FAD06000201140 /* th_line.png */; };
		6A580E0A27FAD06000201140 /* map_pin_red@3x.png in Resources */ = {isa = PBXBuildFile; fileRef = 6A580DE527FAD06000201140 /* map_pin_red@3x.png */; };
		6A580E0B27FAD06000201140 /* daum_copyright.png in Resources */ = {isa = PBXBuildFile; fileRef = 6A580DE627FAD06000201140 /* daum_copyright.png */; };
		6A580E0C27FAD06000201140 /* map_pin@3x.png in Resources */ = {isa = PBXBuildFile; fileRef = 6A580DE727FAD06000201140 /* map_pin@3x.png */; };
		6A580E0D27FAD06000201140 /* map_present_tracking.png in Resources */ = {isa = PBXBuildFile; fileRef = 6A580DE827FAD06000201140 /* map_present_tracking.png */; };
		6A580E0E27FAD06000201140 /* map_pin_red.png in Resources */ = {isa = PBXBuildFile; fileRef = 6A580DE927FAD06000201140 /* map_pin_red.png */; };
		6A580E0F27FAD06000201140 /* info_box.png in Resources */ = {isa = PBXBuildFile; fileRef = 6A580DF327FAD06000201140 /* info_box.png */; };
		6A580E1027FAD06000201140 /* point_sprite.png in Resources */ = {isa = PBXBuildFile; fileRef = 6A580DF427FAD06000201140 /* point_sprite.png */; };
		6A580E1127FAD06000201140 /* map_pinup_custom.png in Resources */ = {isa = PBXBuildFile; fileRef = 6A580DF527FAD06000201140 /* map_pinup_custom.png */; };
		6A580E1227FAD06000201140 /* info_box_tail.png in Resources */ = {isa = PBXBuildFile; fileRef = 6A580DF627FAD06000201140 /* info_box_tail.png */; };
		6A580E1327FAD06000201140 /* noimage256.png in Resources */ = {isa = PBXBuildFile; fileRef = 6A580DF727FAD06000201140 /* noimage256.png */; };
		6A580E1427FAD06000201140 /* map_present_direction.png in Resources */ = {isa = PBXBuildFile; fileRef = 6A580DF827FAD06000201140 /* map_present_direction.png */; };
		6A580E1527FAD06000201140 /* map_pin.png in Resources */ = {isa = PBXBuildFile; fileRef = 6A580DF927FAD06000201140 /* map_pin.png */; };
		6A580E1627FAD06000201140 /* map_present.png in Resources */ = {isa = PBXBuildFile; fileRef = 6A580DFA27FAD06000201140 /* map_present.png */; };
		6A580E1727FAD06000201140 /* noimage.png in Resources */ = {isa = PBXBuildFile; fileRef = 6A580DFB27FAD06000201140 /* noimage.png */; };
		6A580E1827FAD06000201140 /* map_present_background_update.png in Resources */ = {isa = PBXBuildFile; fileRef = 6A580DFC27FAD06000201140 /* map_present_background_update.png */; };
		6A580E1927FAD06000201140 /* daum_th_line.png in Resources */ = {isa = PBXBuildFile; fileRef = 6A580DFD27FAD06000201140 /* daum_th_line.png */; };
		6A580E1A27FAD06000201140 /* map_pin_shadow.png in Resources */ = {isa = PBXBuildFile; fileRef = 6A580DFE27FAD06000201140 /* map_pin_shadow.png */; };
		6A580E1C27FAD07F00201140 /* DaumMap.framework in Frameworks */ = {isa = PBXBuildFile; fileRef = 6A580DFF27FAD06000201140 /* DaumMap.framework */; };
/* End PBXBuildFile section */

/* Begin PBXContainerItemProxy section */
		6A23BBFC28055B4A00A53E98 /* PBXContainerItemProxy */ = {
			isa = PBXContainerItemProxy;
			containerPortal = 6A580CFD27FAC25D00201140 /* Project object */;
			proxyType = 1;
			remoteGlobalIDString = 6A580D0427FAC25D00201140;
			remoteInfo = StoreFinder;
		};
/* End PBXContainerItemProxy section */

/* Begin PBXCopyFilesBuildPhase section */
		6A23BBC22805508200A53E98 /* Embed Frameworks */ = {
			isa = PBXCopyFilesBuildPhase;
			buildActionMask = 2147483647;
			dstPath = "";
			dstSubfolderSpec = 10;
			files = (
				6A23BBD6280551D800A53E98 /* (null) in Embed Frameworks */,
			);
			name = "Embed Frameworks";
			runOnlyForDeploymentPostprocessing = 0;
		};
/* End PBXCopyFilesBuildPhase section */

/* Begin PBXFileReference section */
		2701D4CC2F270AB32CD7CFC3 /* Pods-StoreFinder.release.xcconfig */ = {isa = PBXFileReference; includeInIndex = 1; lastKnownFileType = text.xcconfig; name = "Pods-StoreFinder.release.xcconfig"; path = "Target Support Files/Pods-StoreFinder/Pods-StoreFinder.release.xcconfig"; sourceTree = "<group>"; };
		3FF1CAC1C79CEFC8119DD870 /* Pods_StoreFinder.framework */ = {isa = PBXFileReference; explicitFileType = wrapper.framework; includeInIndex = 0; path = Pods_StoreFinder.framework; sourceTree = BUILT_PRODUCTS_DIR; };
		5EAFA89C0E7E688BB8088017 /* Pods-StoreFinderTests.debug.xcconfig */ = {isa = PBXFileReference; includeInIndex = 1; lastKnownFileType = text.xcconfig; name = "Pods-StoreFinderTests.debug.xcconfig"; path = "Target Support Files/Pods-StoreFinderTests/Pods-StoreFinderTests.debug.xcconfig"; sourceTree = "<group>"; };
		6A1769B6280FFDDB004AF6C8 /* RxSwift.framework */ = {isa = PBXFileReference; explicitFileType = wrapper.framework; path = RxSwift.framework; sourceTree = BUILT_PRODUCTS_DIR; };
		6A1769C1281118B8004AF6C8 /* LocationInformationViewModelTests.swift */ = {isa = PBXFileReference; lastKnownFileType = sourcecode.swift; path = LocationInformationViewModelTests.swift; sourceTree = "<group>"; };
		6A23BB5D27FBD7FF00A53E98 /* LocationData.swift */ = {isa = PBXFileReference; lastKnownFileType = sourcecode.swift; path = LocationData.swift; sourceTree = "<group>"; };
		6A23BB6027FBD83800A53E98 /* KLDocument.swift */ = {isa = PBXFileReference; lastKnownFileType = sourcecode.swift; path = KLDocument.swift; sourceTree = "<group>"; };
		6A23BB6227FBDB0000A53E98 /* DetailListCellData.swift */ = {isa = PBXFileReference; lastKnownFileType = sourcecode.swift; path = DetailListCellData.swift; sourceTree = "<group>"; };
		6A23BB6427FBDC5D00A53E98 /* LocationInformationViewController.swift */ = {isa = PBXFileReference; lastKnownFileType = sourcecode.swift; path = LocationInformationViewController.swift; sourceTree = "<group>"; };
		6A23BB6727FBDD2900A53E98 /* LocationInformationViewModel.swift */ = {isa = PBXFileReference; lastKnownFileType = sourcecode.swift; path = LocationInformationViewModel.swift; sourceTree = "<group>"; };
		6A23BB7727FC153000A53E98 /* MTMapViewError.swift */ = {isa = PBXFileReference; lastKnownFileType = sourcecode.swift; path = MTMapViewError.swift; sourceTree = "<group>"; };
		6A23BB7927FC368C00A53E98 /* DetailListCell.swift */ = {isa = PBXFileReference; lastKnownFileType = sourcecode.swift; path = DetailListCell.swift; sourceTree = "<group>"; };
		6A23BB7B27FE78E100A53E98 /* DetailListBackgroundViewModel.swift */ = {isa = PBXFileReference; lastKnownFileType = sourcecode.swift; path = DetailListBackgroundViewModel.swift; sourceTree = "<group>"; };
		6A23BB7D27FE78F500A53E98 /* DetailListBackgroundView.swift */ = {isa = PBXFileReference; lastKnownFileType = sourcecode.swift; path = DetailListBackgroundView.swift; sourceTree = "<group>"; };
		6A23BB8027FEC92700A53E98 /* LocalAPI.swift */ = {isa = PBXFileReference; lastKnownFileType = sourcecode.swift; path = LocalAPI.swift; sourceTree = "<group>"; };
		6A23BB8227FECEEA00A53E98 /* LocalNetwork.swift */ = {isa = PBXFileReference; lastKnownFileType = sourcecode.swift; path = LocalNetwork.swift; sourceTree = "<group>"; };
		6A23BB8527FED91100A53E98 /* LocationInformationModel.swift */ = {isa = PBXFileReference; lastKnownFileType = sourcecode.swift; path = LocationInformationModel.swift; sourceTree = "<group>"; };
		6A23BBA728041D7000A53E98 /* XCTest.framework */ = {isa = PBXFileReference; lastKnownFileType = wrapper.framework; name = XCTest.framework; path = Platforms/iPhoneOS.platform/Developer/Library/Frameworks/XCTest.framework; sourceTree = DEVELOPER_DIR; };
		6A23BBB928054FC400A53E98 /* RxBlocking.framework */ = {isa = PBXFileReference; explicitFileType = wrapper.framework; path = RxBlocking.framework; sourceTree = BUILT_PRODUCTS_DIR; };
		6A23BBBC28054FCB00A53E98 /* RxTest.framework */ = {isa = PBXFileReference; explicitFileType = wrapper.framework; path = RxTest.framework; sourceTree = BUILT_PRODUCTS_DIR; };
		6A23BBBF2805508200A53E98 /* RxCocoa.framework */ = {isa = PBXFileReference; explicitFileType = wrapper.framework; path = RxCocoa.framework; sourceTree = BUILT_PRODUCTS_DIR; };
		6A23BBC32805508700A53E98 /* RxSwift.framework */ = {isa = PBXFileReference; explicitFileType = wrapper.framework; path = RxSwift.framework; sourceTree = BUILT_PRODUCTS_DIR; };
		6A23BBC62805508C00A53E98 /* RxRelay.framework */ = {isa = PBXFileReference; explicitFileType = wrapper.framework; path = RxRelay.framework; sourceTree = BUILT_PRODUCTS_DIR; };
		6A23BBC92805509400A53E98 /* RxTest.framework */ = {isa = PBXFileReference; explicitFileType = wrapper.framework; path = RxTest.framework; sourceTree = BUILT_PRODUCTS_DIR; };
		6A23BBD72805530400A53E98 /* RxTest.framework */ = {isa = PBXFileReference; explicitFileType = wrapper.framework; path = RxTest.framework; sourceTree = BUILT_PRODUCTS_DIR; };
		6A23BBDA2805542E00A53E98 /* Foundation.framework */ = {isa = PBXFileReference; lastKnownFileType = wrapper.framework; name = Foundation.framework; path = System/Library/Frameworks/Foundation.framework; sourceTree = SDKROOT; };
		6A23BBF828055B4A00A53E98 /* StoreFinderTests.xctest */ = {isa = PBXFileReference; explicitFileType = wrapper.cfbundle; includeInIndex = 0; path = StoreFinderTests.xctest; sourceTree = BUILT_PRODUCTS_DIR; };
		6A23BC0128055B8500A53E98 /* LocalNetworkStub.swift */ = {isa = PBXFileReference; lastKnownFileType = sourcecode.swift; path = LocalNetworkStub.swift; sourceTree = "<group>"; };
		6A23BC0528055FBB00A53E98 /* NetworkDummy.json */ = {isa = PBXFileReference; lastKnownFileType = text.json; path = NetworkDummy.json; sourceTree = "<group>"; };
		6A23BC072805604700A53E98 /* Dummy.swift */ = {isa = PBXFileReference; lastKnownFileType = sourcecode.swift; path = Dummy.swift; sourceTree = "<group>"; };
		6A23BC09280563C200A53E98 /* LocationInformationModelTests.swift */ = {isa = PBXFileReference; lastKnownFileType = sourcecode.swift; path = LocationInformationModelTests.swift; sourceTree = "<group>"; };
		6A580D0527FAC25D00201140 /* StoreFinder.app */ = {isa = PBXFileReference; explicitFileType = wrapper.application; includeInIndex = 0; path = StoreFinder.app; sourceTree = BUILT_PRODUCTS_DIR; };
		6A580D0827FAC25D00201140 /* AppDelegate.swift */ = {isa = PBXFileReference; lastKnownFileType = sourcecode.swift; path = AppDelegate.swift; sourceTree = "<group>"; };
		6A580D0A27FAC25D00201140 /* SceneDelegate.swift */ = {isa = PBXFileReference; lastKnownFileType = sourcecode.swift; path = SceneDelegate.swift; sourceTree = "<group>"; };
		6A580D1127FAC25D00201140 /* Assets.xcassets */ = {isa = PBXFileReference; lastKnownFileType = folder.assetcatalog; path = Assets.xcassets; sourceTree = "<group>"; };
		6A580D1427FAC25D00201140 /* Base */ = {isa = PBXFileReference; lastKnownFileType = file.storyboard; name = Base; path = Base.lproj/LaunchScreen.storyboard; sourceTree = "<group>"; };
		6A580D1627FAC25D00201140 /* Info.plist */ = {isa = PBXFileReference; lastKnownFileType = text.plist.xml; path = Info.plist; sourceTree = "<group>"; };
		6A580D3827FAC27600201140 /* README.md */ = {isa = PBXFileReference; lastKnownFileType = net.daringfireball.markdown; path = README.md; sourceTree = "<group>"; };
		6A580DC327FACF0500201140 /* OpenGLES.framework */ = {isa = PBXFileReference; lastKnownFileType = wrapper.framework; name = OpenGLES.framework; path = System/Library/Frameworks/OpenGLES.framework; sourceTree = SDKROOT; };
		6A580DC527FACF0E00201140 /* SystemConfiguration.framework */ = {isa = PBXFileReference; lastKnownFileType = wrapper.framework; name = SystemConfiguration.framework; path = System/Library/Frameworks/SystemConfiguration.framework; sourceTree = SDKROOT; };
		6A580DC727FACF1600201140 /* CoreLocation.framework */ = {isa = PBXFileReference; lastKnownFileType = wrapper.framework; name = CoreLocation.framework; path = System/Library/Frameworks/CoreLocation.framework; sourceTree = SDKROOT; };
		6A580DC927FACF1F00201140 /* QuartzCore.framework */ = {isa = PBXFileReference; lastKnownFileType = wrapper.framework; name = QuartzCore.framework; path = System/Library/Frameworks/QuartzCore.framework; sourceTree = SDKROOT; };
		6A580DCB27FACF3000201140 /* libc++.tbd */ = {isa = PBXFileReference; lastKnownFileType = "sourcecode.text-based-dylib-definition"; name = "libc++.tbd"; path = "usr/lib/libc++.tbd"; sourceTree = SDKROOT; };
		6A580DCD27FACF4100201140 /* libxml2.tbd */ = {isa = PBXFileReference; lastKnownFileType = "sourcecode.text-based-dylib-definition"; name = libxml2.tbd; path = usr/lib/libxml2.tbd; sourceTree = SDKROOT; };
		6A580DCF27FACF4A00201140 /* libsqlite3.tbd */ = {isa = PBXFileReference; lastKnownFileType = "sourcecode.text-based-dylib-definition"; name = libsqlite3.tbd; path = usr/lib/libsqlite3.tbd; sourceTree = SDKROOT; };
		6A580DDB27FAD06000201140 /* map_pinup_custom@3x.png */ = {isa = PBXFileReference; lastKnownFileType = image.png; path = "map_pinup_custom@3x.png"; sourceTree = "<group>"; };
		6A580DDC27FAD06000201140 /* map_pin_custom.png */ = {isa = PBXFileReference; lastKnownFileType = image.png; path = map_pin_custom.png; sourceTree = "<group>"; };
		6A580DDD27FAD06000201140 /* shadow_balloon.png */ = {isa = PBXFileReference; lastKnownFileType = image.png; path = shadow_balloon.png; sourceTree = "<group>"; };
		6A580DDE27FAD06000201140 /* map_pinup.png */ = {isa = PBXFileReference; lastKnownFileType = image.png; path = map_pinup.png; sourceTree = "<group>"; };
		6A580DDF27FAD06000201140 /* detail_button.png */ = {isa = PBXFileReference; lastKnownFileType = image.png; path = detail_button.png; sourceTree = "<group>"; };
		6A580DE027FAD06000201140 /* map_pin_custom@3x.png */ = {isa = PBXFileReference; lastKnownFileType = image.png; path = "map_pin_custom@3x.png"; sourceTree = "<group>"; };
		6A580DE127FAD06000201140 /* map_pinup@3x.png */ = {isa = PBXFileReference; lastKnownFileType = image.png; path = "map_pinup@3x.png"; sourceTree = "<group>"; };
		6A580DE227FAD06000201140 /* map_pin_shadow@3x.png */ = {isa = PBXFileReference; lastKnownFileType = image.png; path = "map_pin_shadow@3x.png"; sourceTree = "<group>"; };
		6A580DE327FAD06000201140 /* copyright.png */ = {isa = PBXFileReference; lastKnownFileType = image.png; path = copyright.png; sourceTree = "<group>"; };
		6A580DE427FAD06000201140 /* th_line.png */ = {isa = PBXFileReference; lastKnownFileType = image.png; path = th_line.png; sourceTree = "<group>"; };
		6A580DE527FAD06000201140 /* map_pin_red@3x.png */ = {isa = PBXFileReference; lastKnownFileType = image.png; path = "map_pin_red@3x.png"; sourceTree = "<group>"; };
		6A580DE627FAD06000201140 /* daum_copyright.png */ = {isa = PBXFileReference; lastKnownFileType = image.png; path = daum_copyright.png; sourceTree = "<group>"; };
		6A580DE727FAD06000201140 /* map_pin@3x.png */ = {isa = PBXFileReference; lastKnownFileType = image.png; path = "map_pin@3x.png"; sourceTree = "<group>"; };
		6A580DE827FAD06000201140 /* map_present_tracking.png */ = {isa = PBXFileReference; lastKnownFileType = image.png; path = map_present_tracking.png; sourceTree = "<group>"; };
		6A580DE927FAD06000201140 /* map_pin_red.png */ = {isa = PBXFileReference; lastKnownFileType = image.png; path = map_pin_red.png; sourceTree = "<group>"; };
		6A580DEB27FAD06000201140 /* MTMapPOIItem.h */ = {isa = PBXFileReference; fileEncoding = 4; lastKnownFileType = sourcecode.c.h; path = MTMapPOIItem.h; sourceTree = "<group>"; };
		6A580DEC27FAD06000201140 /* MTMapCameraUpdate.h */ = {isa = PBXFileReference; fileEncoding = 4; lastKnownFileType = sourcecode.c.h; path = MTMapCameraUpdate.h; sourceTree = "<group>"; };
		6A580DED27FAD06000201140 /* MTMapReverseGeoCoder.h */ = {isa = PBXFileReference; fileEncoding = 4; lastKnownFileType = sourcecode.c.h; path = MTMapReverseGeoCoder.h; sourceTree = "<group>"; };
		6A580DEE27FAD06000201140 /* MTMapPolyline.h */ = {isa = PBXFileReference; fileEncoding = 4; lastKnownFileType = sourcecode.c.h; path = MTMapPolyline.h; sourceTree = "<group>"; };
		6A580DEF27FAD06000201140 /* MTMapLocationMarkerItem.h */ = {isa = PBXFileReference; fileEncoding = 4; lastKnownFileType = sourcecode.c.h; path = MTMapLocationMarkerItem.h; sourceTree = "<group>"; };
		6A580DF027FAD06000201140 /* MTMapView.h */ = {isa = PBXFileReference; fileEncoding = 4; lastKnownFileType = sourcecode.c.h; path = MTMapView.h; sourceTree = "<group>"; };
		6A580DF127FAD06000201140 /* MTMapGeometry.h */ = {isa = PBXFileReference; fileEncoding = 4; lastKnownFileType = sourcecode.c.h; path = MTMapGeometry.h; sourceTree = "<group>"; };
		6A580DF227FAD06000201140 /* MTMapCircle.h */ = {isa = PBXFileReference; fileEncoding = 4; lastKnownFileType = sourcecode.c.h; path = MTMapCircle.h; sourceTree = "<group>"; };
		6A580DF327FAD06000201140 /* info_box.png */ = {isa = PBXFileReference; lastKnownFileType = image.png; path = info_box.png; sourceTree = "<group>"; };
		6A580DF427FAD06000201140 /* point_sprite.png */ = {isa = PBXFileReference; lastKnownFileType = image.png; path = point_sprite.png; sourceTree = "<group>"; };
		6A580DF527FAD06000201140 /* map_pinup_custom.png */ = {isa = PBXFileReference; lastKnownFileType = image.png; path = map_pinup_custom.png; sourceTree = "<group>"; };
		6A580DF627FAD06000201140 /* info_box_tail.png */ = {isa = PBXFileReference; lastKnownFileType = image.png; path = info_box_tail.png; sourceTree = "<group>"; };
		6A580DF727FAD06000201140 /* noimage256.png */ = {isa = PBXFileReference; lastKnownFileType = image.png; path = noimage256.png; sourceTree = "<group>"; };
		6A580DF827FAD06000201140 /* map_present_direction.png */ = {isa = PBXFileReference; lastKnownFileType = image.png; path = map_present_direction.png; sourceTree = "<group>"; };
		6A580DF927FAD06000201140 /* map_pin.png */ = {isa = PBXFileReference; lastKnownFileType = image.png; path = map_pin.png; sourceTree = "<group>"; };
		6A580DFA27FAD06000201140 /* map_present.png */ = {isa = PBXFileReference; lastKnownFileType = image.png; path = map_present.png; sourceTree = "<group>"; };
		6A580DFB27FAD06000201140 /* noimage.png */ = {isa = PBXFileReference; lastKnownFileType = image.png; path = noimage.png; sourceTree = "<group>"; };
		6A580DFC27FAD06000201140 /* map_present_background_update.png */ = {isa = PBXFileReference; lastKnownFileType = image.png; path = map_present_background_update.png; sourceTree = "<group>"; };
		6A580DFD27FAD06000201140 /* daum_th_line.png */ = {isa = PBXFileReference; lastKnownFileType = image.png; path = daum_th_line.png; sourceTree = "<group>"; };
		6A580DFE27FAD06000201140 /* map_pin_shadow.png */ = {isa = PBXFileReference; lastKnownFileType = image.png; path = map_pin_shadow.png; sourceTree = "<group>"; };
		6A580DFF27FAD06000201140 /* DaumMap.framework */ = {isa = PBXFileReference; lastKnownFileType = wrapper.framework; path = DaumMap.framework; sourceTree = "<group>"; };
		6A580E2027FAD27300201140 /* BridgingHeader.h */ = {isa = PBXFileReference; lastKnownFileType = sourcecode.c.h; path = BridgingHeader.h; sourceTree = "<group>"; };
		6A580E2127FAD47500201140 /* Metal.framework */ = {isa = PBXFileReference; lastKnownFileType = wrapper.framework; name = Metal.framework; path = System/Library/Frameworks/Metal.framework; sourceTree = SDKROOT; };
		CB2FAFBE17707BC69F77656A /* libPods-StoreFinderTests.a */ = {isa = PBXFileReference; explicitFileType = archive.ar; includeInIndex = 0; path = "libPods-StoreFinderTests.a"; sourceTree = BUILT_PRODUCTS_DIR; };
		D239AADE5543246297F84537 /* Pods-StoreFinder.debug.xcconfig */ = {isa = PBXFileReference; includeInIndex = 1; lastKnownFileType = text.xcconfig; name = "Pods-StoreFinder.debug.xcconfig"; path = "Target Support Files/Pods-StoreFinder/Pods-StoreFinder.debug.xcconfig"; sourceTree = "<group>"; };
		DCB53FA1E1F68A1FD2D1E686 /* Pods-StoreFinderTests.release.xcconfig */ = {isa = PBXFileReference; includeInIndex = 1; lastKnownFileType = text.xcconfig; name = "Pods-StoreFinderTests.release.xcconfig"; path = "Target Support Files/Pods-StoreFinderTests/Pods-StoreFinderTests.release.xcconfig"; sourceTree = "<group>"; };
/* End PBXFileReference section */

/* Begin PBXFrameworksBuildPhase section */
		6A23BBF528055B4A00A53E98 /* Frameworks */ = {
			isa = PBXFrameworksBuildPhase;
			buildActionMask = 2147483647;
			files = (
				2680DBE4C6AC1CD1C9B27E98 /* libPods-StoreFinderTests.a in Frameworks */,
			);
			runOnlyForDeploymentPostprocessing = 0;
		};
		6A580D0227FAC25D00201140 /* Frameworks */ = {
			isa = PBXFrameworksBuildPhase;
			buildActionMask = 2147483647;
			files = (
				6A52F02E27FAE01500F8EE0A /* QuartzCore.framework in Frameworks */,
				6A23BB7627FBE02500A53E98 /* SnapKit in Frameworks */,
				6A580DD027FACF4A00201140 /* libsqlite3.tbd in Frameworks */,
				6A580E1C27FAD07F00201140 /* DaumMap.framework in Frameworks */,
				6A580DCE27FACF4100201140 /* libxml2.tbd in Frameworks */,
				6A41286227FAE4180040B3B9 /* CoreLocation.framework in Frameworks */,
				6A23BBDE2805545D00A53E98 /* Foundation.framework in Frameworks */,
				6A1769BD28100011004AF6C8 /* Pods_StoreFinder.framework in Frameworks */,
				6A52F02C27FAE01400F8EE0A /* Metal.framework in Frameworks */,
				6A52F03027FAE01700F8EE0A /* SystemConfiguration.framework in Frameworks */,
				6A580DCC27FACF3000201140 /* libc++.tbd in Frameworks */,
			);
			runOnlyForDeploymentPostprocessing = 0;
		};
/* End PBXFrameworksBuildPhase section */

/* Begin PBXGroup section */
		295CB9CD589EDB5871177C32 /* Pods */ = {
			isa = PBXGroup;
			children = (
				D239AADE5543246297F84537 /* Pods-StoreFinder.debug.xcconfig */,
				2701D4CC2F270AB32CD7CFC3 /* Pods-StoreFinder.release.xcconfig */,
				5EAFA89C0E7E688BB8088017 /* Pods-StoreFinderTests.debug.xcconfig */,
				DCB53FA1E1F68A1FD2D1E686 /* Pods-StoreFinderTests.release.xcconfig */,
			);
			path = Pods;
			sourceTree = "<group>";
		};
		6A23BB5F27FBD80300A53E98 /* Entity */ = {
			isa = PBXGroup;
			children = (
				6A23BB5D27FBD7FF00A53E98 /* LocationData.swift */,
				6A23BB7727FC153000A53E98 /* MTMapViewError.swift */,
				6A23BB6027FBD83800A53E98 /* KLDocument.swift */,
				6A23BB6227FBDB0000A53E98 /* DetailListCellData.swift */,
			);
			path = Entity;
			sourceTree = "<group>";
		};
		6A23BB6627FBDC6400A53E98 /* Presentation */ = {
			isa = PBXGroup;
			children = (
				6A23BB8427FED6B300A53E98 /* LocationInfo */,
				6A23BB7927FC368C00A53E98 /* DetailListCell.swift */,
				6A23BB7B27FE78E100A53E98 /* DetailListBackgroundViewModel.swift */,
				6A23BB7D27FE78F500A53E98 /* DetailListBackgroundView.swift */,
			);
			path = Presentation;
			sourceTree = "<group>";
		};
		6A23BB7F27FEC91B00A53E98 /* Network */ = {
			isa = PBXGroup;
			children = (
				6A23BB8027FEC92700A53E98 /* LocalAPI.swift */,
				6A23BB8227FECEEA00A53E98 /* LocalNetwork.swift */,
			);
			path = Network;
			sourceTree = "<group>";
		};
		6A23BB8427FED6B300A53E98 /* LocationInfo */ = {
			isa = PBXGroup;
			children = (
				6A23BB6427FBDC5D00A53E98 /* LocationInformationViewController.swift */,
				6A23BB6727FBDD2900A53E98 /* LocationInformationViewModel.swift */,
				6A23BB8527FED91100A53E98 /* LocationInformationModel.swift */,
			);
			path = LocationInfo;
			sourceTree = "<group>";
		};
		6A23BBF928055B4A00A53E98 /* StoreFinderTests */ = {
			isa = PBXGroup;
			children = (
				6A23BC0128055B8500A53E98 /* LocalNetworkStub.swift */,
				6A23BC0528055FBB00A53E98 /* NetworkDummy.json */,
				6A23BC072805604700A53E98 /* Dummy.swift */,
				6A23BC09280563C200A53E98 /* LocationInformationModelTests.swift */,
				6A1769C1281118B8004AF6C8 /* LocationInformationViewModelTests.swift */,
			);
			path = StoreFinderTests;
			sourceTree = "<group>";
		};
		6A580CFC27FAC25D00201140 = {
			isa = PBXGroup;
			children = (
				6A580D3827FAC27600201140 /* README.md */,
				6A580D0727FAC25D00201140 /* StoreFinder */,
				6A23BBF928055B4A00A53E98 /* StoreFinderTests */,
				6A580D0627FAC25D00201140 /* Products */,
				6A580DC227FACF0500201140 /* Frameworks */,
				295CB9CD589EDB5871177C32 /* Pods */,
			);
			sourceTree = "<group>";
		};
		6A580D0627FAC25D00201140 /* Products */ = {
			isa = PBXGroup;
			children = (
				6A580D0527FAC25D00201140 /* StoreFinder.app */,
				6A23BBF828055B4A00A53E98 /* StoreFinderTests.xctest */,
			);
			name = Products;
			sourceTree = "<group>";
		};
		6A580D0727FAC25D00201140 /* StoreFinder */ = {
			isa = PBXGroup;
			children = (
				6A23BB7F27FEC91B00A53E98 /* Network */,
				6A23BB5F27FBD80300A53E98 /* Entity */,
				6A23BB6627FBDC6400A53E98 /* Presentation */,
				6A580E2027FAD27300201140 /* BridgingHeader.h */,
				6A580D0827FAC25D00201140 /* AppDelegate.swift */,
				6A580D0A27FAC25D00201140 /* SceneDelegate.swift */,
				6A580D1127FAC25D00201140 /* Assets.xcassets */,
				6A580D1327FAC25D00201140 /* LaunchScreen.storyboard */,
				6A580D1627FAC25D00201140 /* Info.plist */,
			);
			path = StoreFinder;
			sourceTree = "<group>";
		};
		6A580DC227FACF0500201140 /* Frameworks */ = {
			isa = PBXGroup;
			children = (
				6A1769B6280FFDDB004AF6C8 /* RxSwift.framework */,
				6A23BBDA2805542E00A53E98 /* Foundation.framework */,
				6A23BBD72805530400A53E98 /* RxTest.framework */,
				6A23BBC92805509400A53E98 /* RxTest.framework */,
				6A23BBC62805508C00A53E98 /* RxRelay.framework */,
				6A23BBC32805508700A53E98 /* RxSwift.framework */,
				6A23BBBF2805508200A53E98 /* RxCocoa.framework */,
				6A23BBBC28054FCB00A53E98 /* RxTest.framework */,
				6A23BBB928054FC400A53E98 /* RxBlocking.framework */,
				6A23BBA728041D7000A53E98 /* XCTest.framework */,
				6A580E2127FAD47500201140 /* Metal.framework */,
				6A580DCF27FACF4A00201140 /* libsqlite3.tbd */,
				6A580DCD27FACF4100201140 /* libxml2.tbd */,
				6A580DCB27FACF3000201140 /* libc++.tbd */,
				6A580DC927FACF1F00201140 /* QuartzCore.framework */,
				6A580DC727FACF1600201140 /* CoreLocation.framework */,
				6A580DC527FACF0E00201140 /* SystemConfiguration.framework */,
				6A580DC327FACF0500201140 /* OpenGLES.framework */,
				6A580DD927FAD06000201140 /* DaumMap.embeddedframework */,
				3FF1CAC1C79CEFC8119DD870 /* Pods_StoreFinder.framework */,
				CB2FAFBE17707BC69F77656A /* libPods-StoreFinderTests.a */,
			);
			name = Frameworks;
			sourceTree = "<group>";
		};
		6A580DD927FAD06000201140 /* DaumMap.embeddedframework */ = {
			isa = PBXGroup;
			children = (
				6A580DDA27FAD06000201140 /* Resources */,
				6A580DFF27FAD06000201140 /* DaumMap.framework */,
			);
			path = DaumMap.embeddedframework;
			sourceTree = "<group>";
		};
		6A580DDA27FAD06000201140 /* Resources */ = {
			isa = PBXGroup;
			children = (
				6A580DDB27FAD06000201140 /* map_pinup_custom@3x.png */,
				6A580DDC27FAD06000201140 /* map_pin_custom.png */,
				6A580DDD27FAD06000201140 /* shadow_balloon.png */,
				6A580DDE27FAD06000201140 /* map_pinup.png */,
				6A580DDF27FAD06000201140 /* detail_button.png */,
				6A580DE027FAD06000201140 /* map_pin_custom@3x.png */,
				6A580DE127FAD06000201140 /* map_pinup@3x.png */,
				6A580DE227FAD06000201140 /* map_pin_shadow@3x.png */,
				6A580DE327FAD06000201140 /* copyright.png */,
				6A580DE427FAD06000201140 /* th_line.png */,
				6A580DE527FAD06000201140 /* map_pin_red@3x.png */,
				6A580DE627FAD06000201140 /* daum_copyright.png */,
				6A580DE727FAD06000201140 /* map_pin@3x.png */,
				6A580DE827FAD06000201140 /* map_present_tracking.png */,
				6A580DE927FAD06000201140 /* map_pin_red.png */,
				6A580DEA27FAD06000201140 /* Headers */,
				6A580DF327FAD06000201140 /* info_box.png */,
				6A580DF427FAD06000201140 /* point_sprite.png */,
				6A580DF527FAD06000201140 /* map_pinup_custom.png */,
				6A580DF627FAD06000201140 /* info_box_tail.png */,
				6A580DF727FAD06000201140 /* noimage256.png */,
				6A580DF827FAD06000201140 /* map_present_direction.png */,
				6A580DF927FAD06000201140 /* map_pin.png */,
				6A580DFA27FAD06000201140 /* map_present.png */,
				6A580DFB27FAD06000201140 /* noimage.png */,
				6A580DFC27FAD06000201140 /* map_present_background_update.png */,
				6A580DFD27FAD06000201140 /* daum_th_line.png */,
				6A580DFE27FAD06000201140 /* map_pin_shadow.png */,
			);
			path = Resources;
			sourceTree = "<group>";
		};
		6A580DEA27FAD06000201140 /* Headers */ = {
			isa = PBXGroup;
			children = (
				6A580DEB27FAD06000201140 /* MTMapPOIItem.h */,
				6A580DEC27FAD06000201140 /* MTMapCameraUpdate.h */,
				6A580DED27FAD06000201140 /* MTMapReverseGeoCoder.h */,
				6A580DEE27FAD06000201140 /* MTMapPolyline.h */,
				6A580DEF27FAD06000201140 /* MTMapLocationMarkerItem.h */,
				6A580DF027FAD06000201140 /* MTMapView.h */,
				6A580DF127FAD06000201140 /* MTMapGeometry.h */,
				6A580DF227FAD06000201140 /* MTMapCircle.h */,
			);
			path = Headers;
			sourceTree = "<group>";
		};
/* End PBXGroup section */

/* Begin PBXNativeTarget section */
		6A23BBF728055B4A00A53E98 /* StoreFinderTests */ = {
			isa = PBXNativeTarget;
			buildConfigurationList = 6A23BBFE28055B4A00A53E98 /* Build configuration list for PBXNativeTarget "StoreFinderTests" */;
			buildPhases = (
				FABCC141CA094F8369CDC138 /* [CP] Check Pods Manifest.lock */,
				6A23BBF428055B4A00A53E98 /* Sources */,
				6A23BBF528055B4A00A53E98 /* Frameworks */,
				6A23BBF628055B4A00A53E98 /* Resources */,
			);
			buildRules = (
			);
			dependencies = (
				6A23BBFD28055B4A00A53E98 /* PBXTargetDependency */,
			);
			name = StoreFinderTests;
			productName = StoreFinderTests;
			productReference = 6A23BBF828055B4A00A53E98 /* StoreFinderTests.xctest */;
			productType = "com.apple.product-type.bundle.unit-test";
		};
		6A580D0427FAC25D00201140 /* StoreFinder */ = {
			isa = PBXNativeTarget;
			buildConfigurationList = 6A580D2F27FAC25E00201140 /* Build configuration list for PBXNativeTarget "StoreFinder" */;
			buildPhases = (
				F166469E77532AD6078034E1 /* [CP] Check Pods Manifest.lock */,
				6A580D0127FAC25D00201140 /* Sources */,
				6A580D0227FAC25D00201140 /* Frameworks */,
				6A580D0327FAC25D00201140 /* Resources */,
				6A23BBC22805508200A53E98 /* Embed Frameworks */,
				CD50DE1F322C094075EC0271 /* [CP] Embed Pods Frameworks */,
			);
			buildRules = (
			);
			dependencies = (
			);
			name = StoreFinder;
			packageProductDependencies = (
				6A23BB7527FBE02500A53E98 /* SnapKit */,
			);
			productName = StoreFinder;
			productReference = 6A580D0527FAC25D00201140 /* StoreFinder.app */;
			productType = "com.apple.product-type.application";
		};
/* End PBXNativeTarget section */

/* Begin PBXProject section */
		6A580CFD27FAC25D00201140 /* Project object */ = {
			isa = PBXProject;
			attributes = {
				BuildIndependentTargetsInParallel = 1;
				LastSwiftUpdateCheck = 1320;
				LastUpgradeCheck = 1320;
				TargetAttributes = {
					6A23BBF728055B4A00A53E98 = {
						CreatedOnToolsVersion = 13.2.1;
						LastSwiftMigration = 1320;
						TestTargetID = 6A580D0427FAC25D00201140;
					};
					6A580D0427FAC25D00201140 = {
						CreatedOnToolsVersion = 13.2.1;
					};
				};
			};
			buildConfigurationList = 6A580D0027FAC25D00201140 /* Build configuration list for PBXProject "StoreFinder" */;
			compatibilityVersion = "Xcode 13.0";
			developmentRegion = en;
			hasScannedForEncodings = 0;
			knownRegions = (
				en,
				Base,
			);
			mainGroup = 6A580CFC27FAC25D00201140;
			packageReferences = (
				6A23BB6927FBE01300A53E98 /* XCRemoteSwiftPackageReference "RxSwift" */,
				6A23BB7427FBE02500A53E98 /* XCRemoteSwiftPackageReference "SnapKit" */,
			);
			productRefGroup = 6A580D0627FAC25D00201140 /* Products */;
			projectDirPath = "";
			projectRoot = "";
			targets = (
				6A580D0427FAC25D00201140 /* StoreFinder */,
				6A23BBF728055B4A00A53E98 /* StoreFinderTests */,
			);
		};
/* End PBXProject section */

/* Begin PBXResourcesBuildPhase section */
		6A23BBF628055B4A00A53E98 /* Resources */ = {
			isa = PBXResourcesBuildPhase;
			buildActionMask = 2147483647;
			files = (
				6A23BC0628055FBB00A53E98 /* NetworkDummy.json in Resources */,
			);
			runOnlyForDeploymentPostprocessing = 0;
		};
		6A580D0327FAC25D00201140 /* Resources */ = {
			isa = PBXResourcesBuildPhase;
			buildActionMask = 2147483647;
			files = (
				6A580E1627FAD06000201140 /* map_present.png in Resources */,
				6A580E0C27FAD06000201140 /* map_pin@3x.png in Resources */,
				6A580E0A27FAD06000201140 /* map_pin_red@3x.png in Resources */,
				6A580E1527FAD06000201140 /* map_pin.png in Resources */,
				6A580E0E27FAD06000201140 /* map_pin_red.png in Resources */,
				6A580E0027FAD06000201140 /* map_pinup_custom@3x.png in Resources */,
				6A580E0827FAD06000201140 /* copyright.png in Resources */,
				6A580E0727FAD06000201140 /* map_pin_shadow@3x.png in Resources */,
				6A580D1527FAC25D00201140 /* LaunchScreen.storyboard in Resources */,
				6A580E0B27FAD06000201140 /* daum_copyright.png in Resources */,
				6A580E0F27FAD06000201140 /* info_box.png in Resources */,
				6A580E0527FAD06000201140 /* map_pin_custom@3x.png in Resources */,
				6A580E1A27FAD06000201140 /* map_pin_shadow.png in Resources */,
				6A580E0D27FAD06000201140 /* map_present_tracking.png in Resources */,
				6A580E0427FAD06000201140 /* detail_button.png in Resources */,
				6A580E1727FAD06000201140 /* noimage.png in Resources */,
				6A580E0927FAD06000201140 /* th_line.png in Resources */,
				6A580E1227FAD06000201140 /* info_box_tail.png in Resources */,
				6A580E0127FAD06000201140 /* map_pin_custom.png in Resources */,
				6A580E1127FAD06000201140 /* map_pinup_custom.png in Resources */,
				6A580E0627FAD06000201140 /* map_pinup@3x.png in Resources */,
				6A580E1027FAD06000201140 /* point_sprite.png in Resources */,
				6A580E1827FAD06000201140 /* map_present_background_update.png in Resources */,
				6A580E1427FAD06000201140 /* map_present_direction.png in Resources */,
				6A580E1327FAD06000201140 /* noimage256.png in Resources */,
				6A580E0227FAD06000201140 /* shadow_balloon.png in Resources */,
				6A580D1227FAC25D00201140 /* Assets.xcassets in Resources */,
				6A580E1927FAD06000201140 /* daum_th_line.png in Resources */,
				6A580E0327FAD06000201140 /* map_pinup.png in Resources */,
			);
			runOnlyForDeploymentPostprocessing = 0;
		};
/* End PBXResourcesBuildPhase section */

/* Begin PBXShellScriptBuildPhase section */
		CD50DE1F322C094075EC0271 /* [CP] Embed Pods Frameworks */ = {
			isa = PBXShellScriptBuildPhase;
			buildActionMask = 2147483647;
			files = (
			);
			inputFileListPaths = (
				"${PODS_ROOT}/Target Support Files/Pods-StoreFinder/Pods-StoreFinder-frameworks-${CONFIGURATION}-input-files.xcfilelist",
			);
			name = "[CP] Embed Pods Frameworks";
			outputFileListPaths = (
				"${PODS_ROOT}/Target Support Files/Pods-StoreFinder/Pods-StoreFinder-frameworks-${CONFIGURATION}-output-files.xcfilelist",
			);
			runOnlyForDeploymentPostprocessing = 0;
			shellPath = /bin/sh;
			shellScript = "\"${PODS_ROOT}/Target Support Files/Pods-StoreFinder/Pods-StoreFinder-frameworks.sh\"\n";
			showEnvVarsInLog = 0;
		};
		F166469E77532AD6078034E1 /* [CP] Check Pods Manifest.lock */ = {
			isa = PBXShellScriptBuildPhase;
			buildActionMask = 2147483647;
			files = (
			);
			inputFileListPaths = (
			);
			inputPaths = (
				"${PODS_PODFILE_DIR_PATH}/Podfile.lock",
				"${PODS_ROOT}/Manifest.lock",
			);
			name = "[CP] Check Pods Manifest.lock";
			outputFileListPaths = (
			);
			outputPaths = (
				"$(DERIVED_FILE_DIR)/Pods-StoreFinder-checkManifestLockResult.txt",
			);
			runOnlyForDeploymentPostprocessing = 0;
			shellPath = /bin/sh;
			shellScript = "diff \"${PODS_PODFILE_DIR_PATH}/Podfile.lock\" \"${PODS_ROOT}/Manifest.lock\" > /dev/null\nif [ $? != 0 ] ; then\n    # print error to STDERR\n    echo \"error: The sandbox is not in sync with the Podfile.lock. Run 'pod install' or update your CocoaPods installation.\" >&2\n    exit 1\nfi\n# This output is used by Xcode 'outputs' to avoid re-running this script phase.\necho \"SUCCESS\" > \"${SCRIPT_OUTPUT_FILE_0}\"\n";
			showEnvVarsInLog = 0;
		};
		FABCC141CA094F8369CDC138 /* [CP] Check Pods Manifest.lock */ = {
			isa = PBXShellScriptBuildPhase;
			buildActionMask = 2147483647;
			files = (
			);
			inputFileListPaths = (
			);
			inputPaths = (
				"${PODS_PODFILE_DIR_PATH}/Podfile.lock",
				"${PODS_ROOT}/Manifest.lock",
			);
			name = "[CP] Check Pods Manifest.lock";
			outputFileListPaths = (
			);
			outputPaths = (
				"$(DERIVED_FILE_DIR)/Pods-StoreFinderTests-checkManifestLockResult.txt",
			);
			runOnlyForDeploymentPostprocessing = 0;
			shellPath = /bin/sh;
			shellScript = "diff \"${PODS_PODFILE_DIR_PATH}/Podfile.lock\" \"${PODS_ROOT}/Manifest.lock\" > /dev/null\nif [ $? != 0 ] ; then\n    # print error to STDERR\n    echo \"error: The sandbox is not in sync with the Podfile.lock. Run 'pod install' or update your CocoaPods installation.\" >&2\n    exit 1\nfi\n# This output is used by Xcode 'outputs' to avoid re-running this script phase.\necho \"SUCCESS\" > \"${SCRIPT_OUTPUT_FILE_0}\"\n";
			showEnvVarsInLog = 0;
		};
/* End PBXShellScriptBuildPhase section */

/* Begin PBXSourcesBuildPhase section */
		6A23BBF428055B4A00A53E98 /* Sources */ = {
			isa = PBXSourcesBuildPhase;
			buildActionMask = 2147483647;
			files = (
				6A1769C2281118B8004AF6C8 /* LocationInformationViewModelTests.swift in Sources */,
				6A23BC082805604700A53E98 /* Dummy.swift in Sources */,
				6A23BC0228055B8500A53E98 /* LocalNetworkStub.swift in Sources */,
				6A23BC0A280563C200A53E98 /* LocationInformationModelTests.swift in Sources */,
			);
			runOnlyForDeploymentPostprocessing = 0;
		};
		6A580D0127FAC25D00201140 /* Sources */ = {
			isa = PBXSourcesBuildPhase;
			buildActionMask = 2147483647;
			files = (
				6A23BB5E27FBD7FF00A53E98 /* LocationData.swift in Sources */,
				6A23BB6127FBD83800A53E98 /* KLDocument.swift in Sources */,
				6A23BB6527FBDC5D00A53E98 /* LocationInformationViewController.swift in Sources */,
				6A23BB7C27FE78E100A53E98 /* DetailListBackgroundViewModel.swift in Sources */,
				6A23BB8327FECEEA00A53E98 /* LocalNetwork.swift in Sources */,
				6A23BB7E27FE78F500A53E98 /* DetailListBackgroundView.swift in Sources */,
				6A23BB7827FC153000A53E98 /* MTMapViewError.swift in Sources */,
				6A23BB8127FEC92700A53E98 /* LocalAPI.swift in Sources */,
				6A23BB7A27FC368C00A53E98 /* DetailListCell.swift in Sources */,
				6A580D0927FAC25D00201140 /* AppDelegate.swift in Sources */,
				6A23BB6327FBDB0000A53E98 /* DetailListCellData.swift in Sources */,
				6A23BB8627FED91100A53E98 /* LocationInformationModel.swift in Sources */,
				6A580D0B27FAC25D00201140 /* SceneDelegate.swift in Sources */,
				6A23BB6827FBDD2900A53E98 /* LocationInformationViewModel.swift in Sources */,
			);
			runOnlyForDeploymentPostprocessing = 0;
		};
/* End PBXSourcesBuildPhase section */

/* Begin PBXTargetDependency section */
		6A23BBFD28055B4A00A53E98 /* PBXTargetDependency */ = {
			isa = PBXTargetDependency;
			target = 6A580D0427FAC25D00201140 /* StoreFinder */;
			targetProxy = 6A23BBFC28055B4A00A53E98 /* PBXContainerItemProxy */;
		};
/* End PBXTargetDependency section */

/* Begin PBXVariantGroup section */
		6A580D1327FAC25D00201140 /* LaunchScreen.storyboard */ = {
			isa = PBXVariantGroup;
			children = (
				6A580D1427FAC25D00201140 /* Base */,
			);
			name = LaunchScreen.storyboard;
			sourceTree = "<group>";
		};
/* End PBXVariantGroup section */

/* Begin XCBuildConfiguration section */
		6A23BBFF28055B4A00A53E98 /* Debug */ = {
			isa = XCBuildConfiguration;
			baseConfigurationReference = 5EAFA89C0E7E688BB8088017 /* Pods-StoreFinderTests.debug.xcconfig */;
			buildSettings = {
				BUNDLE_LOADER = "$(TEST_HOST)";
				CLANG_ENABLE_MODULES = YES;
				CLANG_ENABLE_OBJC_ARC = YES;
				CODE_SIGN_STYLE = Automatic;
				CURRENT_PROJECT_VERSION = 1;
				DEVELOPMENT_TEAM = XJA7283JV3;
				GENERATE_INFOPLIST_FILE = YES;
				LD_RUNPATH_SEARCH_PATHS = (
					"$(inherited)",
					"@executable_path/Frameworks",
					"@loader_path/Frameworks",
				);
				MARKETING_VERSION = 1.0;
				PRODUCT_BUNDLE_IDENTIFIER = com.yujin.StoreFinderTests;
				PRODUCT_NAME = "$(TARGET_NAME)";
				SWIFT_EMIT_LOC_STRINGS = NO;
				SWIFT_OPTIMIZATION_LEVEL = "-Onone";
				SWIFT_VERSION = 5.0;
				TARGETED_DEVICE_FAMILY = "1,2";
				TEST_HOST = "$(BUILT_PRODUCTS_DIR)/StoreFinder.app/StoreFinder";
			};
			name = Debug;
		};
		6A23BC0028055B4A00A53E98 /* Release */ = {
			isa = XCBuildConfiguration;
			baseConfigurationReference = DCB53FA1E1F68A1FD2D1E686 /* Pods-StoreFinderTests.release.xcconfig */;
			buildSettings = {
				BUNDLE_LOADER = "$(TEST_HOST)";
				CLANG_ENABLE_MODULES = YES;
				CLANG_ENABLE_OBJC_ARC = YES;
				CODE_SIGN_STYLE = Automatic;
				CURRENT_PROJECT_VERSION = 1;
				DEVELOPMENT_TEAM = XJA7283JV3;
				GENERATE_INFOPLIST_FILE = YES;
				LD_RUNPATH_SEARCH_PATHS = (
					"$(inherited)",
					"@executable_path/Frameworks",
					"@loader_path/Frameworks",
				);
				MARKETING_VERSION = 1.0;
				PRODUCT_BUNDLE_IDENTIFIER = com.yujin.StoreFinderTests;
				PRODUCT_NAME = "$(TARGET_NAME)";
				SWIFT_EMIT_LOC_STRINGS = NO;
				SWIFT_VERSION = 5.0;
				TARGETED_DEVICE_FAMILY = "1,2";
				TEST_HOST = "$(BUILT_PRODUCTS_DIR)/StoreFinder.app/StoreFinder";
			};
			name = Release;
		};
		6A580D2D27FAC25E00201140 /* Debug */ = {
			isa = XCBuildConfiguration;
			buildSettings = {
				ALWAYS_EMBED_SWIFT_STANDARD_LIBRARIES = YES;
				ALWAYS_SEARCH_USER_PATHS = NO;
				CLANG_ANALYZER_NONNULL = YES;
				CLANG_ANALYZER_NUMBER_OBJECT_CONVERSION = YES_AGGRESSIVE;
				CLANG_CXX_LANGUAGE_STANDARD = "gnu++17";
				CLANG_CXX_LIBRARY = "libc++";
				CLANG_ENABLE_MODULES = YES;
				CLANG_ENABLE_OBJC_ARC = NO;
				CLANG_ENABLE_OBJC_WEAK = YES;
				CLANG_WARN_BLOCK_CAPTURE_AUTORELEASING = YES;
				CLANG_WARN_BOOL_CONVERSION = YES;
				CLANG_WARN_COMMA = YES;
				CLANG_WARN_CONSTANT_CONVERSION = YES;
				CLANG_WARN_DEPRECATED_OBJC_IMPLEMENTATIONS = YES;
				CLANG_WARN_DIRECT_OBJC_ISA_USAGE = YES_ERROR;
				CLANG_WARN_DOCUMENTATION_COMMENTS = YES;
				CLANG_WARN_EMPTY_BODY = YES;
				CLANG_WARN_ENUM_CONVERSION = YES;
				CLANG_WARN_INFINITE_RECURSION = YES;
				CLANG_WARN_INT_CONVERSION = YES;
				CLANG_WARN_NON_LITERAL_NULL_CONVERSION = YES;
				CLANG_WARN_OBJC_IMPLICIT_RETAIN_SELF = YES;
				CLANG_WARN_OBJC_LITERAL_CONVERSION = YES;
				CLANG_WARN_OBJC_ROOT_CLASS = YES_ERROR;
				CLANG_WARN_QUOTED_INCLUDE_IN_FRAMEWORK_HEADER = YES;
				CLANG_WARN_RANGE_LOOP_ANALYSIS = YES;
				CLANG_WARN_STRICT_PROTOTYPES = YES;
				CLANG_WARN_SUSPICIOUS_MOVE = YES;
				CLANG_WARN_UNGUARDED_AVAILABILITY = YES_AGGRESSIVE;
				CLANG_WARN_UNREACHABLE_CODE = YES;
				CLANG_WARN__DUPLICATE_METHOD_MATCH = YES;
				COPY_PHASE_STRIP = NO;
				DEBUG_INFORMATION_FORMAT = dwarf;
				EMBED_ASSET_PACKS_IN_PRODUCT_BUNDLE = YES;
				ENABLE_STRICT_OBJC_MSGSEND = YES;
				ENABLE_TESTABILITY = YES;
				ENABLE_TESTING_SEARCH_PATHS = YES;
				GCC_C_LANGUAGE_STANDARD = gnu11;
				GCC_DYNAMIC_NO_PIC = NO;
				GCC_NO_COMMON_BLOCKS = YES;
				GCC_OPTIMIZATION_LEVEL = 0;
				GCC_PREPROCESSOR_DEFINITIONS = (
					"DEBUG=1",
					"$(inherited)",
				);
				GCC_WARN_64_TO_32_BIT_CONVERSION = YES;
				GCC_WARN_ABOUT_RETURN_TYPE = YES_ERROR;
				GCC_WARN_UNDECLARED_SELECTOR = YES;
				GCC_WARN_UNINITIALIZED_AUTOS = YES_AGGRESSIVE;
				GCC_WARN_UNUSED_FUNCTION = YES;
				GCC_WARN_UNUSED_VARIABLE = YES;
				IPHONEOS_DEPLOYMENT_TARGET = 15.2;
				MTL_ENABLE_DEBUG_INFO = INCLUDE_SOURCE;
				MTL_FAST_MATH = YES;
				ONLY_ACTIVE_ARCH = YES;
				SDKROOT = iphoneos;
				SWIFT_ACTIVE_COMPILATION_CONDITIONS = DEBUG;
				SWIFT_OPTIMIZATION_LEVEL = "-Onone";
			};
			name = Debug;
		};
		6A580D2E27FAC25E00201140 /* Release */ = {
			isa = XCBuildConfiguration;
			buildSettings = {
				ALWAYS_EMBED_SWIFT_STANDARD_LIBRARIES = YES;
				ALWAYS_SEARCH_USER_PATHS = NO;
				CLANG_ANALYZER_NONNULL = YES;
				CLANG_ANALYZER_NUMBER_OBJECT_CONVERSION = YES_AGGRESSIVE;
				CLANG_CXX_LANGUAGE_STANDARD = "gnu++17";
				CLANG_CXX_LIBRARY = "libc++";
				CLANG_ENABLE_MODULES = YES;
				CLANG_ENABLE_OBJC_ARC = NO;
				CLANG_ENABLE_OBJC_WEAK = YES;
				CLANG_WARN_BLOCK_CAPTURE_AUTORELEASING = YES;
				CLANG_WARN_BOOL_CONVERSION = YES;
				CLANG_WARN_COMMA = YES;
				CLANG_WARN_CONSTANT_CONVERSION = YES;
				CLANG_WARN_DEPRECATED_OBJC_IMPLEMENTATIONS = YES;
				CLANG_WARN_DIRECT_OBJC_ISA_USAGE = YES_ERROR;
				CLANG_WARN_DOCUMENTATION_COMMENTS = YES;
				CLANG_WARN_EMPTY_BODY = YES;
				CLANG_WARN_ENUM_CONVERSION = YES;
				CLANG_WARN_INFINITE_RECURSION = YES;
				CLANG_WARN_INT_CONVERSION = YES;
				CLANG_WARN_NON_LITERAL_NULL_CONVERSION = YES;
				CLANG_WARN_OBJC_IMPLICIT_RETAIN_SELF = YES;
				CLANG_WARN_OBJC_LITERAL_CONVERSION = YES;
				CLANG_WARN_OBJC_ROOT_CLASS = YES_ERROR;
				CLANG_WARN_QUOTED_INCLUDE_IN_FRAMEWORK_HEADER = YES;
				CLANG_WARN_RANGE_LOOP_ANALYSIS = YES;
				CLANG_WARN_STRICT_PROTOTYPES = YES;
				CLANG_WARN_SUSPICIOUS_MOVE = YES;
				CLANG_WARN_UNGUARDED_AVAILABILITY = YES_AGGRESSIVE;
				CLANG_WARN_UNREACHABLE_CODE = YES;
				CLANG_WARN__DUPLICATE_METHOD_MATCH = YES;
				COPY_PHASE_STRIP = NO;
				DEBUG_INFORMATION_FORMAT = "dwarf-with-dsym";
				EMBED_ASSET_PACKS_IN_PRODUCT_BUNDLE = YES;
				ENABLE_NS_ASSERTIONS = NO;
				ENABLE_STRICT_OBJC_MSGSEND = YES;
				ENABLE_TESTING_SEARCH_PATHS = YES;
				GCC_C_LANGUAGE_STANDARD = gnu11;
				GCC_NO_COMMON_BLOCKS = YES;
				GCC_WARN_64_TO_32_BIT_CONVERSION = YES;
				GCC_WARN_ABOUT_RETURN_TYPE = YES_ERROR;
				GCC_WARN_UNDECLARED_SELECTOR = YES;
				GCC_WARN_UNINITIALIZED_AUTOS = YES_AGGRESSIVE;
				GCC_WARN_UNUSED_FUNCTION = YES;
				GCC_WARN_UNUSED_VARIABLE = YES;
				IPHONEOS_DEPLOYMENT_TARGET = 15.2;
				MTL_ENABLE_DEBUG_INFO = NO;
				MTL_FAST_MATH = YES;
				SDKROOT = iphoneos;
				SWIFT_COMPILATION_MODE = wholemodule;
				SWIFT_OPTIMIZATION_LEVEL = "-O";
				VALIDATE_PRODUCT = YES;
			};
			name = Release;
		};
		6A580D3027FAC25E00201140 /* Debug */ = {
			isa = XCBuildConfiguration;
			baseConfigurationReference = D239AADE5543246297F84537 /* Pods-StoreFinder.debug.xcconfig */;
			buildSettings = {
				ASSETCATALOG_COMPILER_APPICON_NAME = AppIcon;
				ASSETCATALOG_COMPILER_GLOBAL_ACCENT_COLOR_NAME = AccentColor;
				CODE_SIGN_STYLE = Automatic;
				CURRENT_PROJECT_VERSION = 1;
				DEVELOPMENT_TEAM = XJA7283JV3;
				DYLIB_INSTALL_NAME_BASE = "";
				ENABLE_TESTING_SEARCH_PATHS = YES;
				EXCLUDED_ARCHS = "";
				FRAMEWORK_SEARCH_PATHS = (
					"$(inherited)",
					"$(PROJECT_DIR)/DaumMap.embeddedframework",
				);
				GENERATE_INFOPLIST_FILE = YES;
				INFOPLIST_FILE = StoreFinder/Info.plist;
				INFOPLIST_KEY_UIApplicationSupportsIndirectInputEvents = YES;
				INFOPLIST_KEY_UILaunchStoryboardName = LaunchScreen;
				INFOPLIST_KEY_UISupportedInterfaceOrientations_iPad = "UIInterfaceOrientationPortrait UIInterfaceOrientationPortraitUpsideDown UIInterfaceOrientationLandscapeLeft UIInterfaceOrientationLandscapeRight";
				INFOPLIST_KEY_UISupportedInterfaceOrientations_iPhone = "UIInterfaceOrientationPortrait UIInterfaceOrientationLandscapeLeft UIInterfaceOrientationLandscapeRight";
				LD_RUNPATH_SEARCH_PATHS = (
					"$(inherited)",
					"@executable_path/Frameworks",
				);
				MARKETING_VERSION = 1.0;
				PRODUCT_BUNDLE_IDENTIFIER = com.yujin.StoreFinder;
				PRODUCT_NAME = "$(TARGET_NAME)";
				SWIFT_EMIT_LOC_STRINGS = YES;
				SWIFT_OBJC_BRIDGING_HEADER = /Users/yujin/Documents/practice/StoreFinder/StoreFinder/BridgingHeader.h;
				SWIFT_VERSION = 5.0;
				TARGETED_DEVICE_FAMILY = "1,2";
				VALIDATE_WORKSPACE = YES;
			};
			name = Debug;
		};
		6A580D3127FAC25E00201140 /* Release */ = {
			isa = XCBuildConfiguration;
			baseConfigurationReference = 2701D4CC2F270AB32CD7CFC3 /* Pods-StoreFinder.release.xcconfig */;
			buildSettings = {
				ASSETCATALOG_COMPILER_APPICON_NAME = AppIcon;
				ASSETCATALOG_COMPILER_GLOBAL_ACCENT_COLOR_NAME = AccentColor;
				CODE_SIGN_STYLE = Automatic;
				CURRENT_PROJECT_VERSION = 1;
				DEVELOPMENT_TEAM = XJA7283JV3;
				DYLIB_INSTALL_NAME_BASE = "";
				ENABLE_TESTING_SEARCH_PATHS = YES;
				EXCLUDED_ARCHS = "";
				"EXCLUDED_ARCHS[sdk=iphonesimulator*]" = arm64;
				FRAMEWORK_SEARCH_PATHS = (
					"$(inherited)",
					"$(PROJECT_DIR)/DaumMap.embeddedframework",
				);
				GENERATE_INFOPLIST_FILE = YES;
				INFOPLIST_FILE = StoreFinder/Info.plist;
				INFOPLIST_KEY_UIApplicationSupportsIndirectInputEvents = YES;
				INFOPLIST_KEY_UILaunchStoryboardName = LaunchScreen;
				INFOPLIST_KEY_UISupportedInterfaceOrientations_iPad = "UIInterfaceOrientationPortrait UIInterfaceOrientationPortraitUpsideDown UIInterfaceOrientationLandscapeLeft UIInterfaceOrientationLandscapeRight";
				INFOPLIST_KEY_UISupportedInterfaceOrientations_iPhone = "UIInterfaceOrientationPortrait UIInterfaceOrientationLandscapeLeft UIInterfaceOrientationLandscapeRight";
				LD_RUNPATH_SEARCH_PATHS = (
					"$(inherited)",
					"@executable_path/Frameworks",
				);
				MARKETING_VERSION = 1.0;
				ONLY_ACTIVE_ARCH = YES;
				PRODUCT_BUNDLE_IDENTIFIER = com.yujin.StoreFinder;
				PRODUCT_NAME = "$(TARGET_NAME)";
				SWIFT_EMIT_LOC_STRINGS = YES;
				SWIFT_OBJC_BRIDGING_HEADER = /Users/yujin/Documents/practice/StoreFinder/StoreFinder/BridgingHeader.h;
				SWIFT_VERSION = 5.0;
				TARGETED_DEVICE_FAMILY = "1,2";
				VALIDATE_WORKSPACE = YES;
			};
			name = Release;
		};
/* End XCBuildConfiguration section */

/* Begin XCConfigurationList section */
		6A23BBFE28055B4A00A53E98 /* Build configuration list for PBXNativeTarget "StoreFinderTests" */ = {
			isa = XCConfigurationList;
			buildConfigurations = (
				6A23BBFF28055B4A00A53E98 /* Debug */,
				6A23BC0028055B4A00A53E98 /* Release */,
			);
			defaultConfigurationIsVisible = 0;
			defaultConfigurationName = Release;
		};
		6A580D0027FAC25D00201140 /* Build configuration list for PBXProject "StoreFinder" */ = {
			isa = XCConfigurationList;
			buildConfigurations = (
				6A580D2D27FAC25E00201140 /* Debug */,
				6A580D2E27FAC25E00201140 /* Release */,
			);
			defaultConfigurationIsVisible = 0;
			defaultConfigurationName = Release;
		};
		6A580D2F27FAC25E00201140 /* Build configuration list for PBXNativeTarget "StoreFinder" */ = {
			isa = XCConfigurationList;
			buildConfigurations = (
				6A580D3027FAC25E00201140 /* Debug */,
				6A580D3127FAC25E00201140 /* Release */,
			);
			defaultConfigurationIsVisible = 0;
			defaultConfigurationName = Release;
		};
/* End XCConfigurationList section */

/* Begin XCRemoteSwiftPackageReference section */
		6A23BB6927FBE01300A53E98 /* XCRemoteSwiftPackageReference "RxSwift" */ = {
			isa = XCRemoteSwiftPackageReference;
			repositoryURL = "https://github.com/ReactiveX/RxSwift.git";
			requirement = {
				branch = main;
				kind = branch;
			};
		};
		6A23BB7427FBE02500A53E98 /* XCRemoteSwiftPackageReference "SnapKit" */ = {
			isa = XCRemoteSwiftPackageReference;
			repositoryURL = "https://github.com/SnapKit/SnapKit.git";
			requirement = {
				branch = develop;
				kind = branch;
			};
		};
/* End XCRemoteSwiftPackageReference section */

/* Begin XCSwiftPackageProductDependency section */
		6A23BB7527FBE02500A53E98 /* SnapKit */ = {
			isa = XCSwiftPackageProductDependency;
			package = 6A23BB7427FBE02500A53E98 /* XCRemoteSwiftPackageReference "SnapKit" */;
			productName = SnapKit;
		};
/* End XCSwiftPackageProductDependency section */
	};
	rootObject = 6A580CFD27FAC25D00201140 /* Project object */;
}
